
Microsoft Visual Studio Solution File, Format Version 12.00
# Visual Studio Version 16
VisualStudioVersion = 16.0.29519.87
MinimumVisualStudioVersion = 10.0.40219.1
Project("{FAE04EC0-301F-11D3-BF4B-00C04F79EFBC}") = "AccessGranted.Android", "AccessGranted.Android\AccessGranted.Android.csproj", "{8AEF3D88-A21C-42E9-86C0-151AE4BF7857}"
EndProject
Project("{FAE04EC0-301F-11D3-BF4B-00C04F79EFBC}") = "AccessGranted.iOS", "AccessGranted.iOS\AccessGranted.iOS.csproj", "{837DD9FB-9E63-4EBF-8875-D2F187A92194}"
EndProject
Project("{9A19103F-16F7-4668-BE54-9A1E7A4F7556}") = "AccessGranted", "AccessGranted\AccessGranted.csproj", "{0115E120-27E1-46AE-A445-47DF999CA8EB}"
EndProject
Project("{9A19103F-16F7-4668-BE54-9A1E7A4F7556}") = "AccessGranted.MobileAppService", "AccessGranted.MobileAppService\AccessGranted.MobileAppService.csproj", "{8A753BED-F0AF-4B83-AC2A-59501689110D}"
EndProject
Global
	GlobalSection(SolutionConfigurationPlatforms) = preSolution
		Debug|Any CPU = Debug|Any CPU
		Debug|iPhone = Debug|iPhone
		Debug|iPhoneSimulator = Debug|iPhoneSimulator
		Release|Any CPU = Release|Any CPU
		Release|iPhone = Release|iPhone
		Release|iPhoneSimulator = Release|iPhoneSimulator
	EndGlobalSection
	GlobalSection(ProjectConfigurationPlatforms) = postSolution
		{8AEF3D88-A21C-42E9-86C0-151AE4BF7857}.Debug|Any CPU.ActiveCfg = Debug|Any CPU
		{8AEF3D88-A21C-42E9-86C0-151AE4BF7857}.Debug|Any CPU.Build.0 = Debug|Any CPU
		{8AEF3D88-A21C-42E9-86C0-151AE4BF7857}.Debug|Any CPU.Deploy.0 = Debug|Any CPU
		{8AEF3D88-A21C-42E9-86C0-151AE4BF7857}.Debug|iPhone.ActiveCfg = Debug|Any CPU
		{8AEF3D88-A21C-42E9-86C0-151AE4BF7857}.Debug|iPhone.Build.0 = Debug|Any CPU
		{8AEF3D88-A21C-42E9-86C0-151AE4BF7857}.Debug|iPhone.Deploy.0 = Debug|Any CPU
		{8AEF3D88-A21C-42E9-86C0-151AE4BF7857}.Debug|iPhoneSimulator.ActiveCfg = Debug|Any CPU
		{8AEF3D88-A21C-42E9-86C0-151AE4BF7857}.Debug|iPhoneSimulator.Build.0 = Debug|Any CPU
		{8AEF3D88-A21C-42E9-86C0-151AE4BF7857}.Debug|iPhoneSimulator.Deploy.0 = Debug|Any CPU
		{8AEF3D88-A21C-42E9-86C0-151AE4BF7857}.Release|Any CPU.ActiveCfg = Release|Any CPU
		{8AEF3D88-A21C-42E9-86C0-151AE4BF7857}.Release|Any CPU.Build.0 = Release|Any CPU
		{8AEF3D88-A21C-42E9-86C0-151AE4BF7857}.Release|Any CPU.Deploy.0 = Release|Any CPU
		{8AEF3D88-A21C-42E9-86C0-151AE4BF7857}.Release|iPhone.ActiveCfg = Release|Any CPU
		{8AEF3D88-A21C-42E9-86C0-151AE4BF7857}.Release|iPhone.Build.0 = Release|Any CPU
		{8AEF3D88-A21C-42E9-86C0-151AE4BF7857}.Release|iPhone.Deploy.0 = Release|Any CPU
		{8AEF3D88-A21C-42E9-86C0-151AE4BF7857}.Release|iPhoneSimulator.ActiveCfg = Release|Any CPU
		{8AEF3D88-A21C-42E9-86C0-151AE4BF7857}.Release|iPhoneSimulator.Build.0 = Release|Any CPU
		{8AEF3D88-A21C-42E9-86C0-151AE4BF7857}.Release|iPhoneSimulator.Deploy.0 = Release|Any CPU
		{837DD9FB-9E63-4EBF-8875-D2F187A92194}.Debug|Any CPU.ActiveCfg = Debug|iPhoneSimulator
		{837DD9FB-9E63-4EBF-8875-D2F187A92194}.Debug|Any CPU.Build.0 = Debug|iPhoneSimulator
		{837DD9FB-9E63-4EBF-8875-D2F187A92194}.Debug|Any CPU.Deploy.0 = Debug|iPhoneSimulator
		{837DD9FB-9E63-4EBF-8875-D2F187A92194}.Debug|iPhone.ActiveCfg = Debug|iPhone
		{837DD9FB-9E63-4EBF-8875-D2F187A92194}.Debug|iPhone.Build.0 = Debug|iPhone
		{837DD9FB-9E63-4EBF-8875-D2F187A92194}.Debug|iPhone.Deploy.0 = Debug|iPhone
		{837DD9FB-9E63-4EBF-8875-D2F187A92194}.Debug|iPhoneSimulator.ActiveCfg = Debug|iPhoneSimulator
		{837DD9FB-9E63-4EBF-8875-D2F187A92194}.Debug|iPhoneSimulator.Build.0 = Debug|iPhoneSimulator
		{837DD9FB-9E63-4EBF-8875-D2F187A92194}.Debug|iPhoneSimulator.Deploy.0 = Debug|iPhoneSimulator
		{837DD9FB-9E63-4EBF-8875-D2F187A92194}.Release|Any CPU.ActiveCfg = Release|iPhone
		{837DD9FB-9E63-4EBF-8875-D2F187A92194}.Release|Any CPU.Build.0 = Release|iPhone
		{837DD9FB-9E63-4EBF-8875-D2F187A92194}.Release|Any CPU.Deploy.0 = Release|iPhone
		{837DD9FB-9E63-4EBF-8875-D2F187A92194}.Release|iPhone.ActiveCfg = Release|iPhone
		{837DD9FB-9E63-4EBF-8875-D2F187A92194}.Release|iPhone.Build.0 = Release|iPhone
		{837DD9FB-9E63-4EBF-8875-D2F187A92194}.Release|iPhone.Deploy.0 = Release|iPhone
		{837DD9FB-9E63-4EBF-8875-D2F187A92194}.Release|iPhoneSimulator.ActiveCfg = Release|iPhoneSimulator
		{837DD9FB-9E63-4EBF-8875-D2F187A92194}.Release|iPhoneSimulator.Build.0 = Release|iPhoneSimulator
		{837DD9FB-9E63-4EBF-8875-D2F187A92194}.Release|iPhoneSimulator.Deploy.0 = Release|iPhoneSimulator
		{0115E120-27E1-46AE-A445-47DF999CA8EB}.Debug|Any CPU.ActiveCfg = Debug|Any CPU
		{0115E120-27E1-46AE-A445-47DF999CA8EB}.Debug|Any CPU.Build.0 = Debug|Any CPU
		{0115E120-27E1-46AE-A445-47DF999CA8EB}.Debug|Any CPU.Deploy.0 = Debug|Any CPU
		{0115E120-27E1-46AE-A445-47DF999CA8EB}.Debug|iPhone.ActiveCfg = Debug|Any CPU
		{0115E120-27E1-46AE-A445-47DF999CA8EB}.Debug|iPhone.Build.0 = Debug|Any CPU
		{0115E120-27E1-46AE-A445-47DF999CA8EB}.Debug|iPhone.Deploy.0 = Debug|Any CPU
		{0115E120-27E1-46AE-A445-47DF999CA8EB}.Debug|iPhoneSimulator.ActiveCfg = Debug|Any CPU
		{0115E120-27E1-46AE-A445-47DF999CA8EB}.Debug|iPhoneSimulator.Build.0 = Debug|Any CPU
		{0115E120-27E1-46AE-A445-47DF999CA8EB}.Debug|iPhoneSimulator.Deploy.0 = Debug|Any CPU
		{0115E120-27E1-46AE-A445-47DF999CA8EB}.Release|Any CPU.ActiveCfg = Release|Any CPU
		{0115E120-27E1-46AE-A445-47DF999CA8EB}.Release|Any CPU.Build.0 = Release|Any CPU
		{0115E120-27E1-46AE-A445-47DF999CA8EB}.Release|Any CPU.Deploy.0 = Release|Any CPU
		{0115E120-27E1-46AE-A445-47DF999CA8EB}.Release|iPhone.ActiveCfg = Release|Any CPU
		{0115E120-27E1-46AE-A445-47DF999CA8EB}.Release|iPhone.Build.0 = Release|Any CPU
		{0115E120-27E1-46AE-A445-47DF999CA8EB}.Release|iPhone.Deploy.0 = Release|Any CPU
		{0115E120-27E1-46AE-A445-47DF999CA8EB}.Release|iPhoneSimulator.ActiveCfg = Release|Any CPU
		{0115E120-27E1-46AE-A445-47DF999CA8EB}.Release|iPhoneSimulator.Build.0 = Release|Any CPU
		{0115E120-27E1-46AE-A445-47DF999CA8EB}.Release|iPhoneSimulator.Deploy.0 = Release|Any CPU
		{8A753BED-F0AF-4B83-AC2A-59501689110D}.Debug|Any CPU.ActiveCfg = Debug|Any CPU
		{8A753BED-F0AF-4B83-AC2A-59501689110D}.Debug|Any CPU.Build.0 = Debug|Any CPU
		{8A753BED-F0AF-4B83-AC2A-59501689110D}.Debug|iPhone.ActiveCfg = Debug|Any CPU
		{8A753BED-F0AF-4B83-AC2A-59501689110D}.Debug|iPhone.Build.0 = Debug|Any CPU
		{8A753BED-F0AF-4B83-AC2A-59501689110D}.Debug|iPhoneSimulator.ActiveCfg = Debug|Any CPU
		{8A753BED-F0AF-4B83-AC2A-59501689110D}.Debug|iPhoneSimulator.Build.0 = Debug|Any CPU
		{8A753BED-F0AF-4B83-AC2A-59501689110D}.Release|Any CPU.ActiveCfg = Release|Any CPU
		{8A753BED-F0AF-4B83-AC2A-59501689110D}.Release|Any CPU.Build.0 = Release|Any CPU
		{8A753BED-F0AF-4B83-AC2A-59501689110D}.Release|iPhone.ActiveCfg = Release|Any CPU
		{8A753BED-F0AF-4B83-AC2A-59501689110D}.Release|iPhone.Build.0 = Release|Any CPU
		{8A753BED-F0AF-4B83-AC2A-59501689110D}.Release|iPhoneSimulator.ActiveCfg = Release|Any CPU
		{8A753BED-F0AF-4B83-AC2A-59501689110D}.Release|iPhoneSimulator.Build.0 = Release|Any CPU
	EndGlobalSection
	GlobalSection(SolutionProperties) = preSolution
		HideSolutionNode = FALSE
	EndGlobalSection
	GlobalSection(ExtensibilityGlobals) = postSolution
		SolutionGuid = {833C3772-232A-4D07-A4E9-09AD90B3D86E}
	EndGlobalSection
EndGlobal
