
Microsoft Visual Studio Solution File, Format Version 12.00
# Visual Studio Version 16
VisualStudioVersion = 16.0.29519.87
MinimumVisualStudioVersion = 10.0.40219.1
Project("{FAE04EC0-301F-11D3-BF4B-00C04F79EFBC}") = "access-granted", "access-granted.csproj", "{845DEEC3-B878-47F0-8CA3-687DFB1AEFCB}"
EndProject
Global
	GlobalSection(SolutionConfigurationPlatforms) = preSolution
		Debug|Any CPU = Debug|Any CPU
		Release|Any CPU = Release|Any CPU
	EndGlobalSection
	GlobalSection(ProjectConfigurationPlatforms) = postSolution
		{845DEEC3-B878-47F0-8CA3-687DFB1AEFCB}.Debug|Any CPU.ActiveCfg = Debug|Any CPU
		{845DEEC3-B878-47F0-8CA3-687DFB1AEFCB}.Debug|Any CPU.Build.0 = Debug|Any CPU
		{845DEEC3-B878-47F0-8CA3-687DFB1AEFCB}.Release|Any CPU.ActiveCfg = Release|Any CPU
		{845DEEC3-B878-47F0-8CA3-687DFB1AEFCB}.Release|Any CPU.Build.0 = Release|Any CPU
	EndGlobalSection
	GlobalSection(SolutionProperties) = preSolution
		HideSolutionNode = FALSE
	EndGlobalSection
	GlobalSection(ExtensibilityGlobals) = postSolution
		SolutionGuid = {59AA8A94-CF67-4D26-8CF6-F236908FE7D0}
	EndGlobalSection
EndGlobal
